<?xml version="1.0" encoding="utf-8"?>
<Project ToolsVersion="4.0" xmlns="http://schemas.microsoft.com/developer/msbuild/2003">
  <ItemGroup>
    <Filter Include="Source Files">
      <UniqueIdentifier>{4FC737F1-C7A5-4376-A066-2A32D752A2FF}</UniqueIdentifier>
      <Extensions>cpp;c;cc;cxx;def;odl;idl;hpj;bat;asm;asmx</Extensions>
    </Filter>
    <Filter Include="Header Files">
      <UniqueIdentifier>{93995380-89BD-4b04-88EB-625FBE52EBFB}</UniqueIdentifier>
      <Extensions>h;hh;hpp;hxx;hm;inl;inc;ipp;xsd</Extensions>
    </Filter>
    <Filter Include="Resource Files">
      <UniqueIdentifier>{67DA6AB6-F800-4c08-8B7A-83BB121AAD01}</UniqueIdentifier>
      <Extensions>rc;ico;cur;bmp;dlg;rc2;rct;bin;rgs;gif;jpg;jpeg;jpe;resx;tiff;tif;png;wav;mfcribbon-ms</Extensions>
    </Filter>
  </ItemGroup>
  <ItemGroup>
    <ClCompile Include="LogLevel.cpp">
      <Filter>Source Files</Filter>
    </ClCompile>
    <ClCompile Include="Logger.cpp">
      <Filter>Source Files</Filter>
    </ClCompile>
    <ClCompile Include="LogEntry.cpp">
      <Filter>Source Files</Filter>
    </ClCompile>
    <ClCompile Include="main.cpp">
      <Filter>Source Files</Filter>
    </ClCompile>
    <ClCompile Include="RawLogEntry.cpp">
      <Filter>Source Files</Filter>
    </ClCompile>
    <ClCompile Include="TimeStamp.cpp">
      <Filter>Source Files</Filter>
    </ClCompile>
    <ClCompile Include="SinkSynchronizer.cpp">
      <Filter>Source Files</Filter>
    </ClCompile>
    <ClCompile Include="SinkBase.cpp">
      <Filter>Source Files</Filter>
    </ClCompile>
    <ClCompile Include="ConsoleSinkBase.cpp">
      <Filter>Source Files</Filter>
    </ClCompile>
    <ClCompile Include="ConsoleSink.cpp">
      <Filter>Source Files</Filter>
    </ClCompile>
    <ClCompile Include="DelayedConsoleSink.cpp">
      <Filter>Source Files</Filter>
    </ClCompile>
    <ClCompile Include="FileSinkBase.cpp">
      <Filter>Source Files</Filter>
    </ClCompile>
    <ClCompile Include="FileSink.cpp">
      <Filter>Source Files</Filter>
    </ClCompile>
    <ClCompile Include="DelayedFileSink.cpp">
      <Filter>Source Files</Filter>
    </ClCompile>
    <ClCompile Include="LoggerFactory.cpp">
      <Filter>Source Files</Filter>
    </ClCompile>
    <ClCompile Include="SinkFactory.cpp">
      <Filter>Source Files</Filter>
    </ClCompile>
    <ClCompile Include="LogViewerRPCInterfaceClient.cpp">
      <Filter>Source Files</Filter>
    </ClCompile>
    <ClCompile Include="LogViewerRPCSinkBase.cpp">
      <Filter>Source Files</Filter>
    </ClCompile>
    <ClCompile Include="ProcessInfo.cpp">
      <Filter>Source Files</Filter>
    </ClCompile>
    <ClCompile Include="LogViewerLocalRPCSinkBase.cpp">
      <Filter>Source Files</Filter>
    </ClCompile>
    <ClCompile Include="LogViewerNetworkRPCSinkBase.cpp">
      <Filter>Source Files</Filter>
    </ClCompile>
    <ClCompile Include="DelayedLogViewerNetworkRPCSink.cpp">
      <Filter>Source Files</Filter>
    </ClCompile>
    <ClCompile Include="DelayedLogViewerLocalRPCSink.cpp">
      <Filter>Source Files</Filter>
    </ClCompile>
    <ClCompile Include="LogViewerNetworkRPCSink.cpp">
      <Filter>Source Files</Filter>
    </ClCompile>
    <ClCompile Include="LogViewerLocalRPCSink.cpp">
      <Filter>Source Files</Filter>
    </ClCompile>
  </ItemGroup>
  <ItemGroup>
    <ClInclude Include="LogLevel.h">
      <Filter>Header Files</Filter>
    </ClInclude>
    <ClInclude Include="Logger.h">
      <Filter>Header Files</Filter>
    </ClInclude>
    <ClInclude Include="LogEntry.h">
      <Filter>Header Files</Filter>
    </ClInclude>
    <ClInclude Include="RawLogEntry.h">
      <Filter>Header Files</Filter>
    </ClInclude>
    <ClInclude Include="TimeStamp.h">
      <Filter>Header Files</Filter>
    </ClInclude>
    <ClInclude Include="SinkBase.h">
      <Filter>Header Files</Filter>
    </ClInclude>
    <ClInclude Include="SinkSynchronizer.h">
      <Filter>Header Files</Filter>
    </ClInclude>
    <ClInclude Include="ConsoleSinkBase.h">
      <Filter>Header Files</Filter>
    </ClInclude>
    <ClInclude Include="ConsoleSink.h">
      <Filter>Header Files</Filter>
    </ClInclude>
    <ClInclude Include="DelayedConsoleSink.h">
      <Filter>Header Files</Filter>
    </ClInclude>
    <ClInclude Include="FileSinkBase.h">
      <Filter>Header Files</Filter>
    </ClInclude>
    <ClInclude Include="FileSink.h">
      <Filter>Header Files</Filter>
    </ClInclude>
    <ClInclude Include="DelayedFileSink.h">
      <Filter>Header Files</Filter>
    </ClInclude>
    <ClInclude Include="SinkType.h">
      <Filter>Header Files</Filter>
    </ClInclude>
    <ClInclude Include="LoggerFactory.h">
      <Filter>Header Files</Filter>
    </ClInclude>
    <ClInclude Include="SinkFactory.h">
      <Filter>Header Files</Filter>
    </ClInclude>
    <ClInclude Include="LogViewerRPCInterface.h">
      <Filter>Header Files</Filter>
    </ClInclude>
    <ClInclude Include="LogViewerRPCSinkBase.h">
      <Filter>Header Files</Filter>
    </ClInclude>
    <ClInclude Include="SinkTemplate.h">
      <Filter>Header Files</Filter>
    </ClInclude>
    <ClInclude Include="LoggerAPI.h">
      <Filter>Header Files</Filter>
    </ClInclude>
    <ClInclude Include="ProcessInfo.h">
      <Filter>Header Files</Filter>
    </ClInclude>
    <ClInclude Include="LogViewerLocalRPCSinkBase.h">
      <Filter>Header Files</Filter>
    </ClInclude>
    <ClInclude Include="LogViewerNetworkRPCSinkBase.h">
      <Filter>Header Files</Filter>
    </ClInclude>
    <ClInclude Include="DelayedLogViewerNetworkRPCSink.h">
      <Filter>Header Files</Filter>
    </ClInclude>
    <ClInclude Include="LogViewerNetworkRPCSink.h">
      <Filter>Header Files</Filter>
    </ClInclude>
    <ClInclude Include="DelayedLogViewerLocalRPCSink.h">
      <Filter>Header Files</Filter>
    </ClInclude>
    <ClInclude Include="LogViewerLocalRPCSink.h">
      <Filter>Header Files</Filter>
    </ClInclude>
  </ItemGroup>
  <ItemGroup>
    <Text Include="docutemplate.txt">
      <Filter>Resource Files</Filter>
    </Text>
  </ItemGroup>
</Project>